
Microsoft Visual Studio Solution File, Format Version 12.00
# Visual Studio Version 17
VisualStudioVersion = 17.4.33213.308
MinimumVisualStudioVersion = 10.0.40219.1
Project("{FAE04EC0-301F-11D3-BF4B-00C04F79EFBC}") = "Hangfire", "Hangfire.csproj", "{DFCC299B-61D6-4360-9FB0-915B5446F45A}"
EndProject
Global
	GlobalSection(SolutionConfigurationPlatforms) = preSolution
		Debug|Any CPU = Debug|Any CPU
		Release|Any CPU = Release|Any CPU
	EndGlobalSection
	GlobalSection(ProjectConfigurationPlatforms) = postSolution
		{DFCC299B-61D6-4360-9FB0-915B5446F45A}.Debug|Any CPU.ActiveCfg = Debug|Any CPU
		{DFCC299B-61D6-4360-9FB0-915B5446F45A}.Debug|Any CPU.Build.0 = Debug|Any CPU
		{DFCC299B-61D6-4360-9FB0-915B5446F45A}.Release|Any CPU.ActiveCfg = Release|Any CPU
		{DFCC299B-61D6-4360-9FB0-915B5446F45A}.Release|Any CPU.Build.0 = Release|Any CPU
	EndGlobalSection
	GlobalSection(SolutionProperties) = preSolution
		HideSolutionNode = FALSE
	EndGlobalSection
	GlobalSection(ExtensibilityGlobals) = postSolution
		SolutionGuid = {FC92208E-A445-4CD2-A35A-D1189BB754B3}
	EndGlobalSection
EndGlobal
