
Microsoft Visual Studio Solution File, Format Version 12.00
# Visual Studio Version 17
VisualStudioVersion = 17.4.33213.308
MinimumVisualStudioVersion = 10.0.40219.1
Project("{FAE04EC0-301F-11D3-BF4B-00C04F79EFBC}") = "PostgreSQL", "PostgreSQL.csproj", "{C3A65BC6-1E8D-4261-A728-79A9E538F3C8}"
EndProject
Global
	GlobalSection(SolutionConfigurationPlatforms) = preSolution
		Debug|Any CPU = Debug|Any CPU
		Release|Any CPU = Release|Any CPU
	EndGlobalSection
	GlobalSection(ProjectConfigurationPlatforms) = postSolution
		{C3A65BC6-1E8D-4261-A728-79A9E538F3C8}.Debug|Any CPU.ActiveCfg = Debug|Any CPU
		{C3A65BC6-1E8D-4261-A728-79A9E538F3C8}.Debug|Any CPU.Build.0 = Debug|Any CPU
		{C3A65BC6-1E8D-4261-A728-79A9E538F3C8}.Release|Any CPU.ActiveCfg = Release|Any CPU
		{C3A65BC6-1E8D-4261-A728-79A9E538F3C8}.Release|Any CPU.Build.0 = Release|Any CPU
	EndGlobalSection
	GlobalSection(SolutionProperties) = preSolution
		HideSolutionNode = FALSE
	EndGlobalSection
	GlobalSection(ExtensibilityGlobals) = postSolution
		SolutionGuid = {368C5CC6-762B-4F37-AE70-47E4D2024F7F}
	EndGlobalSection
EndGlobal
