
Microsoft Visual Studio Solution File, Format Version 12.00
# Visual Studio Version 17
VisualStudioVersion = 17.4.33213.308
MinimumVisualStudioVersion = 10.0.40219.1
Project("{9A19103F-16F7-4668-BE54-9A1E7A4F7556}") = "Test", "..\Test\Test.csproj", "{2B89FF18-A415-4181-8142-C4DA4A52114C}"
EndProject
Project("{FAE04EC0-301F-11D3-BF4B-00C04F79EFBC}") = "Test.Data", "..\Test.Data\Test.Data.csproj", "{F3FAF883-4A9A-4B49-A595-00297A216B41}"
EndProject
Global
	GlobalSection(SolutionConfigurationPlatforms) = preSolution
		Debug|Any CPU = Debug|Any CPU
		Release|Any CPU = Release|Any CPU
	EndGlobalSection
	GlobalSection(ProjectConfigurationPlatforms) = postSolution
		{2B89FF18-A415-4181-8142-C4DA4A52114C}.Debug|Any CPU.ActiveCfg = Debug|Any CPU
		{2B89FF18-A415-4181-8142-C4DA4A52114C}.Debug|Any CPU.Build.0 = Debug|Any CPU
		{2B89FF18-A415-4181-8142-C4DA4A52114C}.Release|Any CPU.ActiveCfg = Release|Any CPU
		{2B89FF18-A415-4181-8142-C4DA4A52114C}.Release|Any CPU.Build.0 = Release|Any CPU
		{F3FAF883-4A9A-4B49-A595-00297A216B41}.Debug|Any CPU.ActiveCfg = Debug|Any CPU
		{F3FAF883-4A9A-4B49-A595-00297A216B41}.Debug|Any CPU.Build.0 = Debug|Any CPU
		{F3FAF883-4A9A-4B49-A595-00297A216B41}.Release|Any CPU.ActiveCfg = Release|Any CPU
		{F3FAF883-4A9A-4B49-A595-00297A216B41}.Release|Any CPU.Build.0 = Release|Any CPU
	EndGlobalSection
	GlobalSection(SolutionProperties) = preSolution
		HideSolutionNode = FALSE
	EndGlobalSection
	GlobalSection(ExtensibilityGlobals) = postSolution
		SolutionGuid = {F14F2846-8EBA-4985-80C9-83DE22EAD30B}
	EndGlobalSection
EndGlobal
